{
  "nodes": {
    "nixpkgs": {
      "locked": {
        "lastModified": 1626355733,
        "narHash": "sha256-ElaLq0oQC5mK9dUIU/di4eN/RxyLI6/5xcrWhiCUStg=",
        "owner": "NixOS",
        "repo": "nixpkgs",
        "rev": "90cbe95037ff727540691436c7f8532ac602b376",
        "type": "github"
      },
      "original": {
        "owner": "NixOS",
        "ref": "nixpkgs-unstable",
        "repo": "nixpkgs",
        "type": "github"
      }
    },
    "root": {
      "inputs": {
        "nixpkgs": "nixpkgs"
      }
    }
  },
  "root": "root",
  "version": 7
}
