{
  "nodes": {
    "nixpkgs": {
      "locked": {
        "lastModified": 1626087906,
        "narHash": "sha256-n6jPX5j5yEsM5GGnMOmD2syZnoYfVONW/LztPsKu5Uc=",
        "owner": "NixOS",
        "repo": "nixpkgs",
        "rev": "eaff114326e814083bcb208caa97eab1fbedd79b",
        "type": "github"
      },
      "original": {
        "owner": "NixOS",
        "ref": "nixpkgs-unstable",
        "repo": "nixpkgs",
        "type": "github"
      }
    },
    "root": {
      "inputs": {
        "nixpkgs": "nixpkgs"
      }
    }
  },
  "root": "root",
  "version": 7
}
