{
  "nodes": {
    "nixpkgs": {
      "locked": {
        "lastModified": 1626030932,
        "narHash": "sha256-dj3TH54RSIWG+NECJJQnFG21wsMj7M/F1vloQWt/i1o=",
        "owner": "NixOS",
        "repo": "nixpkgs",
        "rev": "14df81c809e950da1c7356984abf0ff367a94136",
        "type": "github"
      },
      "original": {
        "owner": "NixOS",
        "ref": "nixpkgs-unstable",
        "repo": "nixpkgs",
        "type": "github"
      }
    },
    "root": {
      "inputs": {
        "nixpkgs": "nixpkgs"
      }
    }
  },
  "root": "root",
  "version": 7
}
